{
  "nodes": {
    "buildNodeModules": {
      "inputs": {
        "nixpkgs": [
          "nixpkgs"
        ]
      },
      "locked": {
        "lastModified": 1707354861,
        "narHash": "sha256-L10H5hh9S6y20c7AKuKJ2h9BczODqpTCoGEZBDPJhd0=",
        "owner": "adisbladis",
        "repo": "buildNodeModules",
        "rev": "76c7c56dd9dcea355a8e2ebd0f228a8f2d1e1ee8",
        "type": "github"
      },
      "original": {
        "owner": "adisbladis",
        "repo": "buildNodeModules",
        "type": "github"
      }
    },
    "nixpkgs": {
      "locked": {
        "lastModified": 1716633019,
        "narHash": "sha256-xim1b5/HZYbWaZKyI7cn9TJCM6ewNVZnesRr00mXeS4=",
        "owner": "NixOS",
        "repo": "nixpkgs",
        "rev": "9d29cd266cebf80234c98dd0b87256b6be0af44e",
        "type": "github"
      },
      "original": {
        "id": "nixpkgs",
        "ref": "nixos-23.11",
        "type": "indirect"
      }
    },
    "root": {
      "inputs": {
        "buildNodeModules": "buildNodeModules",
        "nixpkgs": "nixpkgs"
      }
    }
  },
  "root": "root",
  "version": 7
}
